
Microsoft Visual Studio Solution File, Format Version 12.00
# Visual Studio Version 17
VisualStudioVersion = 17.1.32228.430
MinimumVisualStudioVersion = 10.0.40219.1
Project("{FAE04EC0-301F-11D3-BF4B-00C04F79EFBC}") = "Examen_Practica1", "Examen_Practica1.csproj", "{282FB75F-8FF9-4104-AD1E-C7E3ED7D4068}"
EndProject
Global
	GlobalSection(SolutionConfigurationPlatforms) = preSolution
		Debug|Any CPU = Debug|Any CPU
		Release|Any CPU = Release|Any CPU
	EndGlobalSection
	GlobalSection(ProjectConfigurationPlatforms) = postSolution
		{282FB75F-8FF9-4104-AD1E-C7E3ED7D4068}.Debug|Any CPU.ActiveCfg = Debug|Any CPU
		{282FB75F-8FF9-4104-AD1E-C7E3ED7D4068}.Debug|Any CPU.Build.0 = Debug|Any CPU
		{282FB75F-8FF9-4104-AD1E-C7E3ED7D4068}.Release|Any CPU.ActiveCfg = Release|Any CPU
		{282FB75F-8FF9-4104-AD1E-C7E3ED7D4068}.Release|Any CPU.Build.0 = Release|Any CPU
	EndGlobalSection
	GlobalSection(SolutionProperties) = preSolution
		HideSolutionNode = FALSE
	EndGlobalSection
	GlobalSection(ExtensibilityGlobals) = postSolution
		SolutionGuid = {71806A83-D3B6-414C-BC56-41EDF7375054}
	EndGlobalSection
EndGlobal
